{
  "nodes": {
    "base-nixpkgs": {
      "inputs": {
        "flake-parts": "flake-parts_2",
        "stable": "stable",
        "unstable": "unstable"
      },
      "locked": {
        "dir": "base-nixpkgs",
        "lastModified": 1783213798,
        "narHash": "sha256-uWga4a/5ajVcBRAw2QytEn2L9RfeffV5lRDuMoAEwXY=",
        "owner": "ck3mp3r",
        "repo": "flakes",
        "rev": "5da84665bd9f8dc91a7aa72950d33a680eb3da8e",
        "type": "github"
      },
      "original": {
        "dir": "base-nixpkgs",
        "owner": "ck3mp3r",
        "repo": "flakes",
        "type": "github"
      }
    },
    "base-nixpkgs_2": {
      "inputs": {
        "flake-parts": "flake-parts_4",
        "stable": "stable_2",
        "unstable": "unstable_2"
      },
      "locked": {
        "dir": "base-nixpkgs",
        "lastModified": 1782964029,
        "narHash": "sha256-ef/yCUcNH754AOIpPCsppMlIqWy3yZQjD4FEjC+yrKY=",
        "owner": "ck3mp3r",
        "repo": "flakes",
        "rev": "a004b77dcd3dcf377079cd11350d4e09195a2468",
        "type": "github"
      },
      "original": {
        "dir": "base-nixpkgs",
        "owner": "ck3mp3r",
        "repo": "flakes",
        "type": "github"
      }
    },
    "base-nixpkgs_3": {
      "inputs": {
        "flake-parts": "flake-parts_6",
        "stable": "stable_3",
        "unstable": "unstable_3"
      },
      "locked": {
        "dir": "base-nixpkgs",
        "lastModified": 1782610097,
        "narHash": "sha256-TAVUxLwFA2aeZ7BtCYa8mMI49L53LdoFjbYm2Ad944g=",
        "owner": "ck3mp3r",
        "repo": "flakes",
        "rev": "bd8f8f535a3a1dc16ebd12649b458d4d87ec90ab",
        "type": "github"
      },
      "original": {
        "dir": "base-nixpkgs",
        "owner": "ck3mp3r",
        "repo": "flakes",
        "type": "github"
      }
    },
    "base-nixpkgs_4": {
      "inputs": {
        "flake-parts": "flake-parts_8",
        "stable": "stable_4",
        "unstable": "unstable_4"
      },
      "locked": {
        "dir": "base-nixpkgs",
        "lastModified": 1782610097,
        "narHash": "sha256-TAVUxLwFA2aeZ7BtCYa8mMI49L53LdoFjbYm2Ad944g=",
        "owner": "ck3mp3r",
        "repo": "flakes",
        "rev": "bd8f8f535a3a1dc16ebd12649b458d4d87ec90ab",
        "type": "github"
      },
      "original": {
        "dir": "base-nixpkgs",
        "owner": "ck3mp3r",
        "repo": "flakes",
        "type": "github"
      }
    },
    "base-nixpkgs_5": {
      "inputs": {
        "flake-parts": "flake-parts_10",
        "stable": "stable_5",
        "unstable": "unstable_5"
      },
      "locked": {
        "dir": "base-nixpkgs",
        "lastModified": 1782610097,
        "narHash": "sha256-TAVUxLwFA2aeZ7BtCYa8mMI49L53LdoFjbYm2Ad944g=",
        "owner": "ck3mp3r",
        "repo": "flakes",
        "rev": "bd8f8f535a3a1dc16ebd12649b458d4d87ec90ab",
        "type": "github"
      },
      "original": {
        "dir": "base-nixpkgs",
        "owner": "ck3mp3r",
        "repo": "flakes",
        "type": "github"
      }
    },
    "den": {
      "locked": {
        "lastModified": 1783011234,
        "narHash": "sha256-qB7uYBoWlng5aoPWa3YgvZ6suVc0hd97qkuDHuvE7O0=",
        "owner": "denful",
        "repo": "den",
        "rev": "1614f6f8ed435c5bb257408bf91fd662f9aac43e",
        "type": "github"
      },
      "original": {
        "owner": "denful",
        "repo": "den",
        "type": "github"
      }
    },
    "fenix": {
      "inputs": {
        "nixpkgs": [
          "nu-mcp",
          "rustnix",
          "nixpkgs"
        ],
        "rust-analyzer-src": "rust-analyzer-src"
      },
      "locked": {
        "lastModified": 1782550137,
        "narHash": "sha256-XvgBjuAmdT7fvltu56lvZULtDHCr0BLVdEAdfQQlYqw=",
        "owner": "nix-community",
        "repo": "fenix",
        "rev": "4febf815bd2c2f1181e027c5b07fb66d85317cc6",
        "type": "github"
      },
      "original": {
        "owner": "nix-community",
        "repo": "fenix",
        "type": "github"
      }
    },
    "flake-compat": {
      "flake": false,
      "locked": {
        "lastModified": 1767039857,
        "narHash": "sha256-vNpUSpF5Nuw8xvDLj2KCwwksIbjua2LZCqhV1LNRDns=",
        "owner": "edolstra",
        "repo": "flake-compat",
        "rev": "5edf11c44bc78a0d334f6334cdaf7d60d732daab",
        "type": "github"
      },
      "original": {
        "owner": "edolstra",
        "repo": "flake-compat",
        "type": "github"
      }
    },
    "flake-parts": {
      "inputs": {
        "nixpkgs-lib": "nixpkgs-lib"
      },
      "locked": {
        "lastModified": 1782949081,
        "narHash": "sha256-vp6Y/Grm98ESt6ceOkWiHWyZRDV3J1RID4w+6NWK9yA=",
        "owner": "hercules-ci",
        "repo": "flake-parts",
        "rev": "17c9d6cdfc60c64f4ee8d306f9bc0b4ccb51481e",
        "type": "github"
      },
      "original": {
        "owner": "hercules-ci",
        "repo": "flake-parts",
        "type": "github"
      }
    },
    "flake-parts_10": {
      "inputs": {
        "nixpkgs-lib": "nixpkgs-lib_8"
      },
      "locked": {
        "lastModified": 1778716662,
        "narHash": "sha256-m1Yf0wZ8j1OHjTc2UwHwyQRSnNeSgLJOd7q5Y45hzi4=",
        "owner": "hercules-ci",
        "repo": "flake-parts",
        "rev": "f7c1a2d347e4c52d5fb8d10cb4d94b5884e546fb",
        "type": "github"
      },
      "original": {
        "owner": "hercules-ci",
        "repo": "flake-parts",
        "type": "github"
      }
    },
    "flake-parts_11": {
      "inputs": {
        "nixpkgs-lib": "nixpkgs-lib_9"
      },
      "locked": {
        "lastModified": 1778716662,
        "narHash": "sha256-m1Yf0wZ8j1OHjTc2UwHwyQRSnNeSgLJOd7q5Y45hzi4=",
        "owner": "hercules-ci",
        "repo": "flake-parts",
        "rev": "f7c1a2d347e4c52d5fb8d10cb4d94b5884e546fb",
        "type": "github"
      },
      "original": {
        "owner": "hercules-ci",
        "repo": "flake-parts",
        "type": "github"
      }
    },
    "flake-parts_2": {
      "inputs": {
        "nixpkgs-lib": "nixpkgs-lib_2"
      },
      "locked": {
        "lastModified": 1782949081,
        "narHash": "sha256-vp6Y/Grm98ESt6ceOkWiHWyZRDV3J1RID4w+6NWK9yA=",
        "owner": "hercules-ci",
        "repo": "flake-parts",
        "rev": "17c9d6cdfc60c64f4ee8d306f9bc0b4ccb51481e",
        "type": "github"
      },
      "original": {
        "owner": "hercules-ci",
        "repo": "flake-parts",
        "type": "github"
      }
    },
    "flake-parts_3": {
      "inputs": {
        "nixpkgs-lib": [
          "nu-mcp",
          "nixpkgs"
        ]
      },
      "locked": {
        "lastModified": 1782949081,
        "narHash": "sha256-vp6Y/Grm98ESt6ceOkWiHWyZRDV3J1RID4w+6NWK9yA=",
        "owner": "hercules-ci",
        "repo": "flake-parts",
        "rev": "17c9d6cdfc60c64f4ee8d306f9bc0b4ccb51481e",
        "type": "github"
      },
      "original": {
        "owner": "hercules-ci",
        "repo": "flake-parts",
        "type": "github"
      }
    },
    "flake-parts_4": {
      "inputs": {
        "nixpkgs-lib": "nixpkgs-lib_3"
      },
      "locked": {
        "lastModified": 1778716662,
        "narHash": "sha256-m1Yf0wZ8j1OHjTc2UwHwyQRSnNeSgLJOd7q5Y45hzi4=",
        "owner": "hercules-ci",
        "repo": "flake-parts",
        "rev": "f7c1a2d347e4c52d5fb8d10cb4d94b5884e546fb",
        "type": "github"
      },
      "original": {
        "owner": "hercules-ci",
        "repo": "flake-parts",
        "type": "github"
      }
    },
    "flake-parts_5": {
      "inputs": {
        "nixpkgs-lib": [
          "nu-mcp",
          "nu-mods",
          "nixpkgs"
        ]
      },
      "locked": {
        "lastModified": 1782949081,
        "narHash": "sha256-vp6Y/Grm98ESt6ceOkWiHWyZRDV3J1RID4w+6NWK9yA=",
        "owner": "hercules-ci",
        "repo": "flake-parts",
        "rev": "17c9d6cdfc60c64f4ee8d306f9bc0b4ccb51481e",
        "type": "github"
      },
      "original": {
        "owner": "hercules-ci",
        "repo": "flake-parts",
        "type": "github"
      }
    },
    "flake-parts_6": {
      "inputs": {
        "nixpkgs-lib": "nixpkgs-lib_4"
      },
      "locked": {
        "lastModified": 1778716662,
        "narHash": "sha256-m1Yf0wZ8j1OHjTc2UwHwyQRSnNeSgLJOd7q5Y45hzi4=",
        "owner": "hercules-ci",
        "repo": "flake-parts",
        "rev": "f7c1a2d347e4c52d5fb8d10cb4d94b5884e546fb",
        "type": "github"
      },
      "original": {
        "owner": "hercules-ci",
        "repo": "flake-parts",
        "type": "github"
      }
    },
    "flake-parts_7": {
      "inputs": {
        "nixpkgs-lib": "nixpkgs-lib_5"
      },
      "locked": {
        "lastModified": 1778716662,
        "narHash": "sha256-m1Yf0wZ8j1OHjTc2UwHwyQRSnNeSgLJOd7q5Y45hzi4=",
        "owner": "hercules-ci",
        "repo": "flake-parts",
        "rev": "f7c1a2d347e4c52d5fb8d10cb4d94b5884e546fb",
        "type": "github"
      },
      "original": {
        "owner": "hercules-ci",
        "repo": "flake-parts",
        "type": "github"
      }
    },
    "flake-parts_8": {
      "inputs": {
        "nixpkgs-lib": "nixpkgs-lib_6"
      },
      "locked": {
        "lastModified": 1778716662,
        "narHash": "sha256-m1Yf0wZ8j1OHjTc2UwHwyQRSnNeSgLJOd7q5Y45hzi4=",
        "owner": "hercules-ci",
        "repo": "flake-parts",
        "rev": "f7c1a2d347e4c52d5fb8d10cb4d94b5884e546fb",
        "type": "github"
      },
      "original": {
        "owner": "hercules-ci",
        "repo": "flake-parts",
        "type": "github"
      }
    },
    "flake-parts_9": {
      "inputs": {
        "nixpkgs-lib": "nixpkgs-lib_7"
      },
      "locked": {
        "lastModified": 1778716662,
        "narHash": "sha256-m1Yf0wZ8j1OHjTc2UwHwyQRSnNeSgLJOd7q5Y45hzi4=",
        "owner": "hercules-ci",
        "repo": "flake-parts",
        "rev": "f7c1a2d347e4c52d5fb8d10cb4d94b5884e546fb",
        "type": "github"
      },
      "original": {
        "owner": "hercules-ci",
        "repo": "flake-parts",
        "type": "github"
      }
    },
    "home-manager": {
      "inputs": {
        "nixpkgs": [
          "nixpkgs"
        ]
      },
      "locked": {
        "lastModified": 1783222121,
        "narHash": "sha256-E/ElL373TO8lQ2aMvYyzN+k4xkVaUGoRqoa8AtM71tI=",
        "owner": "nix-community",
        "repo": "home-manager",
        "rev": "a1645f40777620c4bd2b6d854b290c2fc354a266",
        "type": "github"
      },
      "original": {
        "owner": "nix-community",
        "repo": "home-manager",
        "type": "github"
      }
    },
    "nixos-wsl": {
      "inputs": {
        "flake-compat": "flake-compat",
        "nixpkgs": "nixpkgs"
      },
      "locked": {
        "lastModified": 1783336371,
        "narHash": "sha256-ZisTtweyb7JUwPP54HAXE9TypT8m89dIxDI36Ak0hAs=",
        "owner": "nix-community",
        "repo": "NixOS-WSL",
        "rev": "a9620cfa43f0c1c30a46c31ae3c6e58cdb124a14",
        "type": "github"
      },
      "original": {
        "owner": "nix-community",
        "ref": "main",
        "repo": "NixOS-WSL",
        "type": "github"
      }
    },
    "nixpkgs": {
      "locked": {
        "lastModified": 1780243769,
        "narHash": "sha256-x5UQuRsH3MqI0U9afaXSNqzTPSeZlRLvFAav2Ux1pNw=",
        "owner": "NixOS",
        "repo": "nixpkgs",
        "rev": "331800de5053fcebacf6813adb5db9c9dca22a0c",
        "type": "github"
      },
      "original": {
        "owner": "NixOS",
        "ref": "nixos-unstable",
        "repo": "nixpkgs",
        "type": "github"
      }
    },
    "nixpkgs-lib": {
      "locked": {
        "lastModified": 1782614948,
        "narHash": "sha256-ePjCwr1sNm9NYUqywL7QfK3JnlS015msC+eBu2zKlp8=",
        "owner": "nix-community",
        "repo": "nixpkgs.lib",
        "rev": "db3f255737b94216eb71cce308e2912cf6bc2d7c",
        "type": "github"
      },
      "original": {
        "owner": "nix-community",
        "repo": "nixpkgs.lib",
        "type": "github"
      }
    },
    "nixpkgs-lib_2": {
      "locked": {
        "lastModified": 1782614948,
        "narHash": "sha256-ePjCwr1sNm9NYUqywL7QfK3JnlS015msC+eBu2zKlp8=",
        "owner": "nix-community",
        "repo": "nixpkgs.lib",
        "rev": "db3f255737b94216eb71cce308e2912cf6bc2d7c",
        "type": "github"
      },
      "original": {
        "owner": "nix-community",
        "repo": "nixpkgs.lib",
        "type": "github"
      }
    },
    "nixpkgs-lib_3": {
      "locked": {
        "lastModified": 1777168982,
        "narHash": "sha256-GOkGPcboWE9BmGCRMLX3worL4EMnsnG8MyKmXNeYuhQ=",
        "owner": "nix-community",
        "repo": "nixpkgs.lib",
        "rev": "f5901329dade4a6ea039af1433fb087bd9c1fe14",
        "type": "github"
      },
      "original": {
        "owner": "nix-community",
        "repo": "nixpkgs.lib",
        "type": "github"
      }
    },
    "nixpkgs-lib_4": {
      "locked": {
        "lastModified": 1777168982,
        "narHash": "sha256-GOkGPcboWE9BmGCRMLX3worL4EMnsnG8MyKmXNeYuhQ=",
        "owner": "nix-community",
        "repo": "nixpkgs.lib",
        "rev": "f5901329dade4a6ea039af1433fb087bd9c1fe14",
        "type": "github"
      },
      "original": {
        "owner": "nix-community",
        "repo": "nixpkgs.lib",
        "type": "github"
      }
    },
    "nixpkgs-lib_5": {
      "locked": {
        "lastModified": 1777168982,
        "narHash": "sha256-GOkGPcboWE9BmGCRMLX3worL4EMnsnG8MyKmXNeYuhQ=",
        "owner": "nix-community",
        "repo": "nixpkgs.lib",
        "rev": "f5901329dade4a6ea039af1433fb087bd9c1fe14",
        "type": "github"
      },
      "original": {
        "owner": "nix-community",
        "repo": "nixpkgs.lib",
        "type": "github"
      }
    },
    "nixpkgs-lib_6": {
      "locked": {
        "lastModified": 1777168982,
        "narHash": "sha256-GOkGPcboWE9BmGCRMLX3worL4EMnsnG8MyKmXNeYuhQ=",
        "owner": "nix-community",
        "repo": "nixpkgs.lib",
        "rev": "f5901329dade4a6ea039af1433fb087bd9c1fe14",
        "type": "github"
      },
      "original": {
        "owner": "nix-community",
        "repo": "nixpkgs.lib",
        "type": "github"
      }
    },
    "nixpkgs-lib_7": {
      "locked": {
        "lastModified": 1777168982,
        "narHash": "sha256-GOkGPcboWE9BmGCRMLX3worL4EMnsnG8MyKmXNeYuhQ=",
        "owner": "nix-community",
        "repo": "nixpkgs.lib",
        "rev": "f5901329dade4a6ea039af1433fb087bd9c1fe14",
        "type": "github"
      },
      "original": {
        "owner": "nix-community",
        "repo": "nixpkgs.lib",
        "type": "github"
      }
    },
    "nixpkgs-lib_8": {
      "locked": {
        "lastModified": 1777168982,
        "narHash": "sha256-GOkGPcboWE9BmGCRMLX3worL4EMnsnG8MyKmXNeYuhQ=",
        "owner": "nix-community",
        "repo": "nixpkgs.lib",
        "rev": "f5901329dade4a6ea039af1433fb087bd9c1fe14",
        "type": "github"
      },
      "original": {
        "owner": "nix-community",
        "repo": "nixpkgs.lib",
        "type": "github"
      }
    },
    "nixpkgs-lib_9": {
      "locked": {
        "lastModified": 1777168982,
        "narHash": "sha256-GOkGPcboWE9BmGCRMLX3worL4EMnsnG8MyKmXNeYuhQ=",
        "owner": "nix-community",
        "repo": "nixpkgs.lib",
        "rev": "f5901329dade4a6ea039af1433fb087bd9c1fe14",
        "type": "github"
      },
      "original": {
        "owner": "nix-community",
        "repo": "nixpkgs.lib",
        "type": "github"
      }
    },
    "nixpkgs-stable": {
      "locked": {
        "lastModified": 1764521362,
        "narHash": "sha256-M101xMtWdF1eSD0xhiR8nG8CXRlHmv6V+VoY65Smwf4=",
        "owner": "nixos",
        "repo": "nixpkgs",
        "rev": "871b9fd269ff6246794583ce4ee1031e1da71895",
        "type": "github"
      },
      "original": {
        "owner": "nixos",
        "ref": "25.11",
        "repo": "nixpkgs",
        "type": "github"
      }
    },
    "nixpkgs_2": {
      "locked": {
        "lastModified": 1783224372,
        "narHash": "sha256-8i/87eeoqiGE4yOTjwSA3Eh/ziJRQEmd/unYU+K27sk=",
        "owner": "nixos",
        "repo": "nixpkgs",
        "rev": "d407951447dcd00442e97087bf374aad70c04cea",
        "type": "github"
      },
      "original": {
        "owner": "nixos",
        "ref": "nixos-unstable",
        "repo": "nixpkgs",
        "type": "github"
      }
    },
    "nu-mcp": {
      "inputs": {
        "base-nixpkgs": "base-nixpkgs",
        "flake-parts": "flake-parts_3",
        "nixpkgs": [
          "nixpkgs"
        ],
        "nu-mods": "nu-mods",
        "rustnix": "rustnix",
        "topiary-nu": "topiary-nu_2"
      },
      "locked": {
        "lastModified": 1783217865,
        "narHash": "sha256-ujtJ+Q1Erpo0Uj0Cds/6GKF4M2ekEfx+gYNIWQNcXwE=",
        "owner": "ck3mp3r",
        "repo": "nu-mcp",
        "rev": "ef04bb402964d362a812a1bb6d12c823f34c22b4",
        "type": "github"
      },
      "original": {
        "owner": "ck3mp3r",
        "repo": "nu-mcp",
        "type": "github"
      }
    },
    "nu-mods": {
      "inputs": {
        "base-nixpkgs": "base-nixpkgs_2",
        "flake-parts": "flake-parts_5",
        "nixpkgs": [
          "nu-mcp",
          "nixpkgs"
        ],
        "topiary-nu": "topiary-nu"
      },
      "locked": {
        "lastModified": 1783213781,
        "narHash": "sha256-NjeVH557GI7fO78v4UaQCX59w+ZbsHbaxM2b2xB/O6c=",
        "owner": "ck3mp3r",
        "repo": "nu-mods",
        "rev": "2adf3c7d6778c695bfac83b0a61c4e0dadd050c1",
        "type": "github"
      },
      "original": {
        "owner": "ck3mp3r",
        "repo": "nu-mods",
        "type": "github"
      }
    },
    "root": {
      "inputs": {
        "den": "den",
        "flake-parts": "flake-parts",
        "home-manager": "home-manager",
        "nixos-wsl": "nixos-wsl",
        "nixpkgs": "nixpkgs_2",
        "nixpkgs-stable": "nixpkgs-stable",
        "nu-mcp": "nu-mcp"
      }
    },
    "rust-analyzer-src": {
      "flake": false,
      "locked": {
        "lastModified": 1782469328,
        "narHash": "sha256-EVrPvYr7VtAtiUWdKglwTSVT+KgQNcZ8EEWL/CnBC0o=",
        "owner": "rust-lang",
        "repo": "rust-analyzer",
        "rev": "a77548188dbecc332bdc292b01a5077ec770cd98",
        "type": "github"
      },
      "original": {
        "owner": "rust-lang",
        "ref": "nightly",
        "repo": "rust-analyzer",
        "type": "github"
      }
    },
    "rustnix": {
      "inputs": {
        "base-nixpkgs": "base-nixpkgs_4",
        "fenix": "fenix",
        "flake-parts": "flake-parts_9",
        "nixpkgs": [
          "nu-mcp",
          "nixpkgs"
        ]
      },
      "locked": {
        "dir": "rustnix",
        "lastModified": 1783213798,
        "narHash": "sha256-uWga4a/5ajVcBRAw2QytEn2L9RfeffV5lRDuMoAEwXY=",
        "owner": "ck3mp3r",
        "repo": "flakes",
        "rev": "5da84665bd9f8dc91a7aa72950d33a680eb3da8e",
        "type": "github"
      },
      "original": {
        "dir": "rustnix",
        "owner": "ck3mp3r",
        "repo": "flakes",
        "type": "github"
      }
    },
    "stable": {
      "locked": {
        "lastModified": 1783204497,
        "narHash": "sha256-ShmTfoa7D+E+yaa7HYX7oaePuq2cT1CpiTnFjhFXUTU=",
        "owner": "nixos",
        "repo": "nixpkgs",
        "rev": "cbe2bee06f376d8b916e7c8bda33180ba228b3dc",
        "type": "github"
      },
      "original": {
        "owner": "nixos",
        "ref": "release-26.05",
        "repo": "nixpkgs",
        "type": "github"
      }
    },
    "stable_2": {
      "locked": {
        "lastModified": 1782604477,
        "narHash": "sha256-wGTjgfnUBw89PeHbWVqz2rKTEJIPQc50dUdpNbjHBUc=",
        "owner": "nixos",
        "repo": "nixpkgs",
        "rev": "0a79de113ede50271babdd3c201c9acf26bd1652",
        "type": "github"
      },
      "original": {
        "owner": "nixos",
        "ref": "release-26.05",
        "repo": "nixpkgs",
        "type": "github"
      }
    },
    "stable_3": {
      "locked": {
        "lastModified": 1782604477,
        "narHash": "sha256-wGTjgfnUBw89PeHbWVqz2rKTEJIPQc50dUdpNbjHBUc=",
        "owner": "nixos",
        "repo": "nixpkgs",
        "rev": "0a79de113ede50271babdd3c201c9acf26bd1652",
        "type": "github"
      },
      "original": {
        "owner": "nixos",
        "ref": "release-26.05",
        "repo": "nixpkgs",
        "type": "github"
      }
    },
    "stable_4": {
      "locked": {
        "lastModified": 1782604477,
        "narHash": "sha256-wGTjgfnUBw89PeHbWVqz2rKTEJIPQc50dUdpNbjHBUc=",
        "owner": "nixos",
        "repo": "nixpkgs",
        "rev": "0a79de113ede50271babdd3c201c9acf26bd1652",
        "type": "github"
      },
      "original": {
        "owner": "nixos",
        "ref": "release-26.05",
        "repo": "nixpkgs",
        "type": "github"
      }
    },
    "stable_5": {
      "locked": {
        "lastModified": 1782604477,
        "narHash": "sha256-wGTjgfnUBw89PeHbWVqz2rKTEJIPQc50dUdpNbjHBUc=",
        "owner": "nixos",
        "repo": "nixpkgs",
        "rev": "0a79de113ede50271babdd3c201c9acf26bd1652",
        "type": "github"
      },
      "original": {
        "owner": "nixos",
        "ref": "release-26.05",
        "repo": "nixpkgs",
        "type": "github"
      }
    },
    "topiary-nu": {
      "inputs": {
        "base-nixpkgs": "base-nixpkgs_3",
        "flake-parts": "flake-parts_7",
        "nixpkgs": [
          "nu-mcp",
          "nu-mods",
          "nixpkgs"
        ],
        "topiary-nushell": "topiary-nushell",
        "tree-sitter-nu": "tree-sitter-nu"
      },
      "locked": {
        "dir": "topiary-nu",
        "lastModified": 1782964029,
        "narHash": "sha256-ef/yCUcNH754AOIpPCsppMlIqWy3yZQjD4FEjC+yrKY=",
        "owner": "ck3mp3r",
        "repo": "flakes",
        "rev": "a004b77dcd3dcf377079cd11350d4e09195a2468",
        "type": "github"
      },
      "original": {
        "dir": "topiary-nu",
        "owner": "ck3mp3r",
        "repo": "flakes",
        "type": "github"
      }
    },
    "topiary-nu_2": {
      "inputs": {
        "base-nixpkgs": "base-nixpkgs_5",
        "flake-parts": "flake-parts_11",
        "nixpkgs": [
          "nu-mcp",
          "nixpkgs"
        ],
        "topiary-nushell": "topiary-nushell_2",
        "tree-sitter-nu": "tree-sitter-nu_2"
      },
      "locked": {
        "dir": "topiary-nu",
        "lastModified": 1783213798,
        "narHash": "sha256-uWga4a/5ajVcBRAw2QytEn2L9RfeffV5lRDuMoAEwXY=",
        "owner": "ck3mp3r",
        "repo": "flakes",
        "rev": "5da84665bd9f8dc91a7aa72950d33a680eb3da8e",
        "type": "github"
      },
      "original": {
        "dir": "topiary-nu",
        "owner": "ck3mp3r",
        "repo": "flakes",
        "type": "github"
      }
    },
    "topiary-nushell": {
      "flake": false,
      "locked": {
        "lastModified": 1772590084,
        "narHash": "sha256-fTfxSnVI7TY6vQhD+GimPBRJ4K0SyyVtoLcLGH3xIPc=",
        "owner": "blindFS",
        "repo": "topiary-nushell",
        "rev": "6e2f9b339a664a46e4015fa5d79e537807fefa39",
        "type": "github"
      },
      "original": {
        "owner": "blindFS",
        "repo": "topiary-nushell",
        "type": "github"
      }
    },
    "topiary-nushell_2": {
      "flake": false,
      "locked": {
        "lastModified": 1772590084,
        "narHash": "sha256-fTfxSnVI7TY6vQhD+GimPBRJ4K0SyyVtoLcLGH3xIPc=",
        "owner": "blindFS",
        "repo": "topiary-nushell",
        "rev": "6e2f9b339a664a46e4015fa5d79e537807fefa39",
        "type": "github"
      },
      "original": {
        "owner": "blindFS",
        "repo": "topiary-nushell",
        "type": "github"
      }
    },
    "tree-sitter-nu": {
      "flake": false,
      "locked": {
        "lastModified": 1776898620,
        "narHash": "sha256-OL3fqHjimJ9VrR2UoeIdLxKKcsA1J80A9T8GSBO9KwE=",
        "owner": "nushell",
        "repo": "tree-sitter-nu",
        "rev": "348b787d8b0409091d85fe9d4eb007fe9f3406bb",
        "type": "github"
      },
      "original": {
        "owner": "nushell",
        "repo": "tree-sitter-nu",
        "type": "github"
      }
    },
    "tree-sitter-nu_2": {
      "flake": false,
      "locked": {
        "lastModified": 1776898620,
        "narHash": "sha256-OL3fqHjimJ9VrR2UoeIdLxKKcsA1J80A9T8GSBO9KwE=",
        "owner": "nushell",
        "repo": "tree-sitter-nu",
        "rev": "348b787d8b0409091d85fe9d4eb007fe9f3406bb",
        "type": "github"
      },
      "original": {
        "owner": "nushell",
        "repo": "tree-sitter-nu",
        "type": "github"
      }
    },
    "unstable": {
      "locked": {
        "lastModified": 1782978903,
        "narHash": "sha256-bG1LAS3YehMzp4RSXw99o3yMEO/Ktb0Tx29RCtEU0Tk=",
        "owner": "nixos",
        "repo": "nixpkgs",
        "rev": "d33369954a67ae3322177dc9a3d564092912120c",
        "type": "github"
      },
      "original": {
        "owner": "nixos",
        "ref": "nixpkgs-unstable",
        "repo": "nixpkgs",
        "type": "github"
      }
    },
    "unstable_2": {
      "locked": {
        "lastModified": 1782175435,
        "narHash": "sha256-EMzXKmnOtBQ2MnvpiNOm7E+kOMvdPrIKaeg52Tip2Uk=",
        "owner": "nixos",
        "repo": "nixpkgs",
        "rev": "89570f24e97e614aa34aa9ab1c927b6578a43775",
        "type": "github"
      },
      "original": {
        "owner": "nixos",
        "ref": "nixpkgs-unstable",
        "repo": "nixpkgs",
        "type": "github"
      }
    },
    "unstable_3": {
      "locked": {
        "lastModified": 1782175435,
        "narHash": "sha256-EMzXKmnOtBQ2MnvpiNOm7E+kOMvdPrIKaeg52Tip2Uk=",
        "owner": "nixos",
        "repo": "nixpkgs",
        "rev": "89570f24e97e614aa34aa9ab1c927b6578a43775",
        "type": "github"
      },
      "original": {
        "owner": "nixos",
        "ref": "nixpkgs-unstable",
        "repo": "nixpkgs",
        "type": "github"
      }
    },
    "unstable_4": {
      "locked": {
        "lastModified": 1782175435,
        "narHash": "sha256-EMzXKmnOtBQ2MnvpiNOm7E+kOMvdPrIKaeg52Tip2Uk=",
        "owner": "nixos",
        "repo": "nixpkgs",
        "rev": "89570f24e97e614aa34aa9ab1c927b6578a43775",
        "type": "github"
      },
      "original": {
        "owner": "nixos",
        "ref": "nixpkgs-unstable",
        "repo": "nixpkgs",
        "type": "github"
      }
    },
    "unstable_5": {
      "locked": {
        "lastModified": 1782175435,
        "narHash": "sha256-EMzXKmnOtBQ2MnvpiNOm7E+kOMvdPrIKaeg52Tip2Uk=",
        "owner": "nixos",
        "repo": "nixpkgs",
        "rev": "89570f24e97e614aa34aa9ab1c927b6578a43775",
        "type": "github"
      },
      "original": {
        "owner": "nixos",
        "ref": "nixpkgs-unstable",
        "repo": "nixpkgs",
        "type": "github"
      }
    }
  },
  "root": "root",
  "version": 7
}
